
Microsoft Visual Studio Solution File, Format Version 12.00
# Visual Studio Version 16
VisualStudioVersion = 16.0.29409.12
MinimumVisualStudioVersion = 10.0.40219.1
Project("{9A19103F-16F7-4668-BE54-9A1E7A4F7556}") = "Core-3.1", "Core\Core-3.1.csproj", "{468E2937-4C45-4E0B-9274-65CA6B6232A6}"
EndProject
Project("{9A19103F-16F7-4668-BE54-9A1E7A4F7556}") = "Crey.Test-3.1", "Crey.Test\Crey.Test-3.1.csproj", "{5CF6BE7C-DBD7-4D9E-A477-79ADCCC70DB7}"
EndProject
Project("{2150E333-8FDC-42A3-9474-1A3956D46DE8}") = "Solution Items", "Solution Items", "{5E1AEC0B-2F35-4E70-B9AF-420E3F8402A9}"
	ProjectSection(SolutionItems) = preProject
		readme.md = readme.md
	EndProjectSection
EndProject
Project("{9A19103F-16F7-4668-BE54-9A1E7A4F7556}") = "MessageStream", "MessageStream\MessageStream\MessageStream.csproj", "{92103CA4-7DFA-49CF-8E85-EDDA466176DD}"
EndProject
Project("{2150E333-8FDC-42A3-9474-1A3956D46DE8}") = "MessageStream", "MessageStream", "{47D7EA52-D2FB-45C5-802E-3F2C6642EDD8}"
EndProject
Project("{2150E333-8FDC-42A3-9474-1A3956D46DE8}") = "Instrumentation", "Instrumentation", "{18D7AACA-ABCF-4B2A-B465-B2F4A2A7ADF0}"
EndProject
Project("{9A19103F-16F7-4668-BE54-9A1E7A4F7556}") = "Instrumentation.Tests-NetCore3.1", "Instrumentation\Instrumentation.Tests-NetCore3.1\Instrumentation.Tests-NetCore3.1.csproj", "{C352EDB5-33B6-45D6-9538-E139D5E5E5BF}"
EndProject
Project("{9A19103F-16F7-4668-BE54-9A1E7A4F7556}") = "Instrumentation.Tests-Net5", "Instrumentation\Instrumentation.Tests-Net5\Instrumentation.Tests-Net5.csproj", "{D5F2221A-CBE9-4CD9-A13F-73A23065FE98}"
EndProject
Project("{9A19103F-16F7-4668-BE54-9A1E7A4F7556}") = "Instrumentation.Tests", "Instrumentation\Instrumentation.Tests\Instrumentation.Tests.csproj", "{AA7C10AC-D582-4945-9AA2-A17A1E599515}"
EndProject
Project("{9A19103F-16F7-4668-BE54-9A1E7A4F7556}") = "Instrumentation", "Instrumentation\Instrumentation\Instrumentation.csproj", "{A6C37A2F-FCE9-4813-94D4-549C0CF97561}"
EndProject
Project("{2150E333-8FDC-42A3-9474-1A3956D46DE8}") = "Infrastructure", "Infrastructure", "{BDFC2C8C-9EB3-4EDA-947F-8814DFED3FA0}"
EndProject
Project("{9A19103F-16F7-4668-BE54-9A1E7A4F7556}") = "Infrastructure", "Infrastructure\Infrastructure\Infrastructure.csproj", "{9060ACC8-1962-48AE-8E81-795D99696654}"
EndProject
Project("{9A19103F-16F7-4668-BE54-9A1E7A4F7556}") = "Infrastructure.Tests-Net5", "Infrastructure\Infrastructure.Tests-Net5\Infrastructure.Tests-Net5.csproj", "{0CC7F035-7A22-44A5-A2F5-9F79B29E41CC}"
EndProject
Project("{2150E333-8FDC-42A3-9474-1A3956D46DE8}") = "Data", "Data", "{B5D733B7-EAE3-4C4E-97F4-7C1A6789B84F}"
EndProject
Project("{9A19103F-16F7-4668-BE54-9A1E7A4F7556}") = "Data", "Data\Data\Data.csproj", "{DFEA8F9F-86AA-4F5A-9B9D-6E4E70ECD303}"
EndProject
Project("{9A19103F-16F7-4668-BE54-9A1E7A4F7556}") = "Data.Tests-Net5", "Data\Data.Tests-Net5\Data.Tests-Net5.csproj", "{4021AADD-4D4C-4504-9B73-1055F73BC0C0}"
EndProject
Project("{9A19103F-16F7-4668-BE54-9A1E7A4F7556}") = "Authentication", "Authentication\Authentication.csproj", "{6C6F69B1-1C6D-4DD9-8228-D7C237811C39}"
EndProject
Project("{9A19103F-16F7-4668-BE54-9A1E7A4F7556}") = "Utils", "Utils\Utils.csproj", "{F63CB509-C51F-4118-93A5-C35B3A4547B4}"
EndProject
Project("{9A19103F-16F7-4668-BE54-9A1E7A4F7556}") = "Analytics", "Analytics\Analytics\Analytics.csproj", "{A4E2B3DC-2D5C-42AF-BBDF-BD9252091464}"
EndProject
Project("{2150E333-8FDC-42A3-9474-1A3956D46DE8}") = "Analytics", "Analytics", "{322D6A54-7F7C-40E6-B039-F154E2439FED}"
EndProject
Project("{9A19103F-16F7-4668-BE54-9A1E7A4F7556}") = "AnalyticsView", "Analytics\AnalyticsView\AnalyticsView.csproj", "{FD9BED8D-34C2-4042-BBBD-1857CC8AD547}"
EndProject
Project("{9A19103F-16F7-4668-BE54-9A1E7A4F7556}") = "Moderation", "Moderation\Moderation.csproj", "{DF19B8B5-9F92-4BD9-933C-A2C41F7FB5AF}"
EndProject
Project("{2150E333-8FDC-42A3-9474-1A3956D46DE8}") = "AspNet", "AspNet", "{F8CDCF56-B02C-4FF5-9C00-865BAACDA205}"
EndProject
Project("{9A19103F-16F7-4668-BE54-9A1E7A4F7556}") = "AspNet", "AspNet\AspNet\AspNet.csproj", "{A1B53711-7B82-498B-B53F-D34807916A21}"
EndProject
Project("{9A19103F-16F7-4668-BE54-9A1E7A4F7556}") = "MockServer", "MockServer\MockServer.csproj", "{173F9D08-AF20-4EBC-801F-D1F4BE1C1511}"
EndProject
Global
	GlobalSection(SolutionConfigurationPlatforms) = preSolution
		Debug|Any CPU = Debug|Any CPU
		Release|Any CPU = Release|Any CPU
	EndGlobalSection
	GlobalSection(ProjectConfigurationPlatforms) = postSolution
		{468E2937-4C45-4E0B-9274-65CA6B6232A6}.Debug|Any CPU.ActiveCfg = Debug|Any CPU
		{468E2937-4C45-4E0B-9274-65CA6B6232A6}.Debug|Any CPU.Build.0 = Debug|Any CPU
		{468E2937-4C45-4E0B-9274-65CA6B6232A6}.Release|Any CPU.ActiveCfg = Release|Any CPU
		{468E2937-4C45-4E0B-9274-65CA6B6232A6}.Release|Any CPU.Build.0 = Release|Any CPU
		{5CF6BE7C-DBD7-4D9E-A477-79ADCCC70DB7}.Debug|Any CPU.ActiveCfg = Debug|Any CPU
		{5CF6BE7C-DBD7-4D9E-A477-79ADCCC70DB7}.Debug|Any CPU.Build.0 = Debug|Any CPU
		{5CF6BE7C-DBD7-4D9E-A477-79ADCCC70DB7}.Release|Any CPU.ActiveCfg = Release|Any CPU
		{5CF6BE7C-DBD7-4D9E-A477-79ADCCC70DB7}.Release|Any CPU.Build.0 = Release|Any CPU
		{92103CA4-7DFA-49CF-8E85-EDDA466176DD}.Debug|Any CPU.ActiveCfg = Debug|Any CPU
		{92103CA4-7DFA-49CF-8E85-EDDA466176DD}.Debug|Any CPU.Build.0 = Debug|Any CPU
		{92103CA4-7DFA-49CF-8E85-EDDA466176DD}.Release|Any CPU.ActiveCfg = Release|Any CPU
		{92103CA4-7DFA-49CF-8E85-EDDA466176DD}.Release|Any CPU.Build.0 = Release|Any CPU
		{C352EDB5-33B6-45D6-9538-E139D5E5E5BF}.Debug|Any CPU.ActiveCfg = Debug|Any CPU
		{C352EDB5-33B6-45D6-9538-E139D5E5E5BF}.Debug|Any CPU.Build.0 = Debug|Any CPU
		{C352EDB5-33B6-45D6-9538-E139D5E5E5BF}.Release|Any CPU.ActiveCfg = Release|Any CPU
		{C352EDB5-33B6-45D6-9538-E139D5E5E5BF}.Release|Any CPU.Build.0 = Release|Any CPU
		{D5F2221A-CBE9-4CD9-A13F-73A23065FE98}.Debug|Any CPU.ActiveCfg = Debug|Any CPU
		{D5F2221A-CBE9-4CD9-A13F-73A23065FE98}.Debug|Any CPU.Build.0 = Debug|Any CPU
		{D5F2221A-CBE9-4CD9-A13F-73A23065FE98}.Release|Any CPU.ActiveCfg = Release|Any CPU
		{D5F2221A-CBE9-4CD9-A13F-73A23065FE98}.Release|Any CPU.Build.0 = Release|Any CPU
		{AA7C10AC-D582-4945-9AA2-A17A1E599515}.Debug|Any CPU.ActiveCfg = Debug|Any CPU
		{AA7C10AC-D582-4945-9AA2-A17A1E599515}.Debug|Any CPU.Build.0 = Debug|Any CPU
		{AA7C10AC-D582-4945-9AA2-A17A1E599515}.Release|Any CPU.ActiveCfg = Release|Any CPU
		{AA7C10AC-D582-4945-9AA2-A17A1E599515}.Release|Any CPU.Build.0 = Release|Any CPU
		{A6C37A2F-FCE9-4813-94D4-549C0CF97561}.Debug|Any CPU.ActiveCfg = Debug|Any CPU
		{A6C37A2F-FCE9-4813-94D4-549C0CF97561}.Debug|Any CPU.Build.0 = Debug|Any CPU
		{A6C37A2F-FCE9-4813-94D4-549C0CF97561}.Release|Any CPU.ActiveCfg = Release|Any CPU
		{A6C37A2F-FCE9-4813-94D4-549C0CF97561}.Release|Any CPU.Build.0 = Release|Any CPU
		{9060ACC8-1962-48AE-8E81-795D99696654}.Debug|Any CPU.ActiveCfg = Debug|Any CPU
		{9060ACC8-1962-48AE-8E81-795D99696654}.Debug|Any CPU.Build.0 = Debug|Any CPU
		{9060ACC8-1962-48AE-8E81-795D99696654}.Release|Any CPU.ActiveCfg = Release|Any CPU
		{9060ACC8-1962-48AE-8E81-795D99696654}.Release|Any CPU.Build.0 = Release|Any CPU
		{0CC7F035-7A22-44A5-A2F5-9F79B29E41CC}.Debug|Any CPU.ActiveCfg = Debug|Any CPU
		{0CC7F035-7A22-44A5-A2F5-9F79B29E41CC}.Debug|Any CPU.Build.0 = Debug|Any CPU
		{0CC7F035-7A22-44A5-A2F5-9F79B29E41CC}.Release|Any CPU.ActiveCfg = Release|Any CPU
		{0CC7F035-7A22-44A5-A2F5-9F79B29E41CC}.Release|Any CPU.Build.0 = Release|Any CPU
		{DFEA8F9F-86AA-4F5A-9B9D-6E4E70ECD303}.Debug|Any CPU.ActiveCfg = Debug|Any CPU
		{DFEA8F9F-86AA-4F5A-9B9D-6E4E70ECD303}.Debug|Any CPU.Build.0 = Debug|Any CPU
		{DFEA8F9F-86AA-4F5A-9B9D-6E4E70ECD303}.Release|Any CPU.ActiveCfg = Release|Any CPU
		{DFEA8F9F-86AA-4F5A-9B9D-6E4E70ECD303}.Release|Any CPU.Build.0 = Release|Any CPU
		{4021AADD-4D4C-4504-9B73-1055F73BC0C0}.Debug|Any CPU.ActiveCfg = Debug|Any CPU
		{4021AADD-4D4C-4504-9B73-1055F73BC0C0}.Debug|Any CPU.Build.0 = Debug|Any CPU
		{4021AADD-4D4C-4504-9B73-1055F73BC0C0}.Release|Any CPU.ActiveCfg = Release|Any CPU
		{4021AADD-4D4C-4504-9B73-1055F73BC0C0}.Release|Any CPU.Build.0 = Release|Any CPU
		{6C6F69B1-1C6D-4DD9-8228-D7C237811C39}.Debug|Any CPU.ActiveCfg = Debug|Any CPU
		{6C6F69B1-1C6D-4DD9-8228-D7C237811C39}.Debug|Any CPU.Build.0 = Debug|Any CPU
		{6C6F69B1-1C6D-4DD9-8228-D7C237811C39}.Release|Any CPU.ActiveCfg = Release|Any CPU
		{6C6F69B1-1C6D-4DD9-8228-D7C237811C39}.Release|Any CPU.Build.0 = Release|Any CPU
		{F63CB509-C51F-4118-93A5-C35B3A4547B4}.Debug|Any CPU.ActiveCfg = Debug|Any CPU
		{F63CB509-C51F-4118-93A5-C35B3A4547B4}.Debug|Any CPU.Build.0 = Debug|Any CPU
		{F63CB509-C51F-4118-93A5-C35B3A4547B4}.Release|Any CPU.ActiveCfg = Release|Any CPU
		{F63CB509-C51F-4118-93A5-C35B3A4547B4}.Release|Any CPU.Build.0 = Release|Any CPU
		{A4E2B3DC-2D5C-42AF-BBDF-BD9252091464}.Debug|Any CPU.ActiveCfg = Debug|Any CPU
		{A4E2B3DC-2D5C-42AF-BBDF-BD9252091464}.Debug|Any CPU.Build.0 = Debug|Any CPU
		{A4E2B3DC-2D5C-42AF-BBDF-BD9252091464}.Release|Any CPU.ActiveCfg = Release|Any CPU
		{A4E2B3DC-2D5C-42AF-BBDF-BD9252091464}.Release|Any CPU.Build.0 = Release|Any CPU
		{FD9BED8D-34C2-4042-BBBD-1857CC8AD547}.Debug|Any CPU.ActiveCfg = Debug|Any CPU
		{FD9BED8D-34C2-4042-BBBD-1857CC8AD547}.Debug|Any CPU.Build.0 = Debug|Any CPU
		{FD9BED8D-34C2-4042-BBBD-1857CC8AD547}.Release|Any CPU.ActiveCfg = Release|Any CPU
		{FD9BED8D-34C2-4042-BBBD-1857CC8AD547}.Release|Any CPU.Build.0 = Release|Any CPU
		{DF19B8B5-9F92-4BD9-933C-A2C41F7FB5AF}.Debug|Any CPU.ActiveCfg = Debug|Any CPU
		{DF19B8B5-9F92-4BD9-933C-A2C41F7FB5AF}.Debug|Any CPU.Build.0 = Debug|Any CPU
		{DF19B8B5-9F92-4BD9-933C-A2C41F7FB5AF}.Release|Any CPU.ActiveCfg = Release|Any CPU
		{DF19B8B5-9F92-4BD9-933C-A2C41F7FB5AF}.Release|Any CPU.Build.0 = Release|Any CPU
		{A1B53711-7B82-498B-B53F-D34807916A21}.Debug|Any CPU.ActiveCfg = Debug|Any CPU
		{A1B53711-7B82-498B-B53F-D34807916A21}.Debug|Any CPU.Build.0 = Debug|Any CPU
		{A1B53711-7B82-498B-B53F-D34807916A21}.Release|Any CPU.ActiveCfg = Release|Any CPU
		{A1B53711-7B82-498B-B53F-D34807916A21}.Release|Any CPU.Build.0 = Release|Any CPU
		{173F9D08-AF20-4EBC-801F-D1F4BE1C1511}.Debug|Any CPU.ActiveCfg = Debug|Any CPU
		{173F9D08-AF20-4EBC-801F-D1F4BE1C1511}.Debug|Any CPU.Build.0 = Debug|Any CPU
		{173F9D08-AF20-4EBC-801F-D1F4BE1C1511}.Release|Any CPU.ActiveCfg = Release|Any CPU
		{173F9D08-AF20-4EBC-801F-D1F4BE1C1511}.Release|Any CPU.Build.0 = Release|Any CPU
	EndGlobalSection
	GlobalSection(SolutionProperties) = preSolution
		HideSolutionNode = FALSE
	EndGlobalSection
	GlobalSection(NestedProjects) = preSolution
		{92103CA4-7DFA-49CF-8E85-EDDA466176DD} = {47D7EA52-D2FB-45C5-802E-3F2C6642EDD8}
		{C352EDB5-33B6-45D6-9538-E139D5E5E5BF} = {18D7AACA-ABCF-4B2A-B465-B2F4A2A7ADF0}
		{D5F2221A-CBE9-4CD9-A13F-73A23065FE98} = {18D7AACA-ABCF-4B2A-B465-B2F4A2A7ADF0}
		{AA7C10AC-D582-4945-9AA2-A17A1E599515} = {18D7AACA-ABCF-4B2A-B465-B2F4A2A7ADF0}
		{A6C37A2F-FCE9-4813-94D4-549C0CF97561} = {18D7AACA-ABCF-4B2A-B465-B2F4A2A7ADF0}
		{9060ACC8-1962-48AE-8E81-795D99696654} = {BDFC2C8C-9EB3-4EDA-947F-8814DFED3FA0}
		{0CC7F035-7A22-44A5-A2F5-9F79B29E41CC} = {BDFC2C8C-9EB3-4EDA-947F-8814DFED3FA0}
		{DFEA8F9F-86AA-4F5A-9B9D-6E4E70ECD303} = {B5D733B7-EAE3-4C4E-97F4-7C1A6789B84F}
		{4021AADD-4D4C-4504-9B73-1055F73BC0C0} = {B5D733B7-EAE3-4C4E-97F4-7C1A6789B84F}
		{A4E2B3DC-2D5C-42AF-BBDF-BD9252091464} = {322D6A54-7F7C-40E6-B039-F154E2439FED}
		{FD9BED8D-34C2-4042-BBBD-1857CC8AD547} = {322D6A54-7F7C-40E6-B039-F154E2439FED}
		{A1B53711-7B82-498B-B53F-D34807916A21} = {F8CDCF56-B02C-4FF5-9C00-865BAACDA205}
	EndGlobalSection
	GlobalSection(ExtensibilityGlobals) = postSolution
		SolutionGuid = {32D36B3B-828F-42B5-A66C-2E7133189DCB}
	EndGlobalSection
EndGlobal
